PODS:
  - MBProgressHUD (1.1.0)

DEPENDENCIES:
  - MBProgressHUD (~> 1.1.0)

SPEC REPOS:
  https://github.com/CocoaPods/Specs.git:
    - MBProgressHUD

SPEC CHECKSUMS:
  MBProgressHUD: e7baa36a220447d8aeb12769bf0585582f3866d9

PODFILE CHECKSUM: 2650646b9d0406aafaa8c2106320fb0d125c05be

COCOAPODS: 1.5.0
