// !$*UTF8*$!
{
	archiveVersion = 1;
	classes = {
	};
	objectVersion = 50;
	objects = {

/* Begin PBXBuildFile section */
		7D84962D2266166500E5ACBE /* AppDelegate.m in Sources */ = {isa = PBXBuildFile; fileRef = 7D84962C2266166500E5ACBE /* AppDelegate.m */; };
		7D8496302266166500E5ACBE /* ViewController.m in Sources */ = {isa = PBXBuildFile; fileRef = 7D84962F2266166500E5ACBE /* ViewController.m */; };
		7D8496332266166500E5ACBE /* Main.storyboard in Resources */ = {isa = PBXBuildFile; fileRef = 7D8496312266166500E5ACBE /* Main.storyboard */; };
		7D8496352266166600E5ACBE /* Assets.xcassets in Resources */ = {isa = PBXBuildFile; fileRef = 7D8496342266166600E5ACBE /* Assets.xcassets */; };
		7D8496382266166600E5ACBE /* LaunchScreen.storyboard in Resources */ = {isa = PBXBuildFile; fileRef = 7D8496362266166600E5ACBE /* LaunchScreen.storyboard */; };
		7D84963B2266166600E5ACBE /* main.m in Sources */ = {isa = PBXBuildFile; fileRef = 7D84963A2266166600E5ACBE /* main.m */; };
		7D84964C226617B400E5ACBE /* error@2x.png in Resources */ = {isa = PBXBuildFile; fileRef = 7D849649226617B400E5ACBE /* error@2x.png */; };
		7D84964D226617B400E5ACBE /* warning@2x.png in Resources */ = {isa = PBXBuildFile; fileRef = 7D84964A226617B400E5ACBE /* warning@2x.png */; };
		7D84964E226617B400E5ACBE /* success@2x.png in Resources */ = {isa = PBXBuildFile; fileRef = 7D84964B226617B400E5ACBE /* success@2x.png */; };
		7D8496522266186800E5ACBE /* MBProgressHUD+XBLoading.m in Sources */ = {isa = PBXBuildFile; fileRef = 7D8496512266186800E5ACBE /* MBProgressHUD+XBLoading.m */; };
		7D849655226618EB00E5ACBE /* LoadingStyleManager.m in Sources */ = {isa = PBXBuildFile; fileRef = 7D849654226618EB00E5ACBE /* LoadingStyleManager.m */; };
		A60CD5D5EDEADE5C0ADDDAD6 /* libPods-XBLoadingKit.a in Frameworks */ = {isa = PBXBuildFile; fileRef = 15211AA150509769E76823D8 /* libPods-XBLoadingKit.a */; };
/* End PBXBuildFile section */

/* Begin PBXFileReference section */
		15211AA150509769E76823D8 /* libPods-XBLoadingKit.a */ = {isa = PBXFileReference; explicitFileType = archive.ar; includeInIndex = 0; path = "libPods-XBLoadingKit.a"; sourceTree = BUILT_PRODUCTS_DIR; };
		3C11FDF46B6904E062423155 /* Pods-XBLoadingKit.debug.xcconfig */ = {isa = PBXFileReference; includeInIndex = 1; lastKnownFileType = text.xcconfig; name = "Pods-XBLoadingKit.debug.xcconfig"; path = "Pods/Target Support Files/Pods-XBLoadingKit/Pods-XBLoadingKit.debug.xcconfig"; sourceTree = "<group>"; };
		7D8496282266166500E5ACBE /* XBLoadingKit.app */ = {isa = PBXFileReference; explicitFileType = wrapper.application; includeInIndex = 0; path = XBLoadingKit.app; sourceTree = BUILT_PRODUCTS_DIR; };
		7D84962B2266166500E5ACBE /* AppDelegate.h */ = {isa = PBXFileReference; lastKnownFileType = sourcecode.c.h; path = AppDelegate.h; sourceTree = "<group>"; };
		7D84962C2266166500E5ACBE /* AppDelegate.m */ = {isa = PBXFileReference; lastKnownFileType = sourcecode.c.objc; path = AppDelegate.m; sourceTree = "<group>"; };
		7D84962E2266166500E5ACBE /* ViewController.h */ = {isa = PBXFileReference; lastKnownFileType = sourcecode.c.h; path = ViewController.h; sourceTree = "<group>"; };
		7D84962F2266166500E5ACBE /* ViewController.m */ = {isa = PBXFileReference; lastKnownFileType = sourcecode.c.objc; path = ViewController.m; sourceTree = "<group>"; };
		7D8496322266166500E5ACBE /* Base */ = {isa = PBXFileReference; lastKnownFileType = file.storyboard; name = Base; path = Base.lproj/Main.storyboard; sourceTree = "<group>"; };
		7D8496342266166600E5ACBE /* Assets.xcassets */ = {isa = PBXFileReference; lastKnownFileType = folder.assetcatalog; path = Assets.xcassets; sourceTree = "<group>"; };
		7D8496372266166600E5ACBE /* Base */ = {isa = PBXFileReference; lastKnownFileType = file.storyboard; name = Base; path = Base.lproj/LaunchScreen.storyboard; sourceTree = "<group>"; };
		7D8496392266166600E5ACBE /* Info.plist */ = {isa = PBXFileReference; lastKnownFileType = text.plist.xml; path = Info.plist; sourceTree = "<group>"; };
		7D84963A2266166600E5ACBE /* main.m */ = {isa = PBXFileReference; lastKnownFileType = sourcecode.c.objc; path = main.m; sourceTree = "<group>"; };
		7D849649226617B400E5ACBE /* error@2x.png */ = {isa = PBXFileReference; lastKnownFileType = image.png; path = "error@2x.png"; sourceTree = "<group>"; };
		7D84964A226617B400E5ACBE /* warning@2x.png */ = {isa = PBXFileReference; lastKnownFileType = image.png; path = "warning@2x.png"; sourceTree = "<group>"; };
		7D84964B226617B400E5ACBE /* success@2x.png */ = {isa = PBXFileReference; lastKnownFileType = image.png; path = "success@2x.png"; sourceTree = "<group>"; };
		7D8496502266186800E5ACBE /* MBProgressHUD+XBLoading.h */ = {isa = PBXFileReference; lastKnownFileType = sourcecode.c.h; path = "MBProgressHUD+XBLoading.h"; sourceTree = "<group>"; };
		7D8496512266186800E5ACBE /* MBProgressHUD+XBLoading.m */ = {isa = PBXFileReference; lastKnownFileType = sourcecode.c.objc; path = "MBProgressHUD+XBLoading.m"; sourceTree = "<group>"; };
		7D849653226618EB00E5ACBE /* LoadingStyleManager.h */ = {isa = PBXFileReference; lastKnownFileType = sourcecode.c.h; path = LoadingStyleManager.h; sourceTree = "<group>"; };
		7D849654226618EB00E5ACBE /* LoadingStyleManager.m */ = {isa = PBXFileReference; lastKnownFileType = sourcecode.c.objc; path = LoadingStyleManager.m; sourceTree = "<group>"; };
		83E12269ADAD34E37D5ED5AB /* Pods-XBLoadingKit.release.xcconfig */ = {isa = PBXFileReference; includeInIndex = 1; lastKnownFileType = text.xcconfig; name = "Pods-XBLoadingKit.release.xcconfig"; path = "Pods/Target Support Files/Pods-XBLoadingKit/Pods-XBLoadingKit.release.xcconfig"; sourceTree = "<group>"; };
/* End PBXFileReference section */

/* Begin PBXFrameworksBuildPhase section */
		7D8496252266166500E5ACBE /* Frameworks */ = {
			isa = PBXFrameworksBuildPhase;
			buildActionMask = 2147483647;
			files = (
				A60CD5D5EDEADE5C0ADDDAD6 /* libPods-XBLoadingKit.a in Frameworks */,
			);
			runOnlyForDeploymentPostprocessing = 0;
		};
/* End PBXFrameworksBuildPhase section */

/* Begin PBXGroup section */
		7D84961F2266166500E5ACBE = {
			isa = PBXGroup;
			children = (
				7D849648226617B400E5ACBE /* Resource */,
				7D84964F2266183B00E5ACBE /* CustomLoading */,
				7D84962A2266166500E5ACBE /* XBLoadingKit */,
				7D8496292266166500E5ACBE /* Products */,
				F1C605222B7EE7F610B418A0 /* Pods */,
				B8DF3B142F8A9787432E6F4C /* Frameworks */,
			);
			sourceTree = "<group>";
		};
		7D8496292266166500E5ACBE /* Products */ = {
			isa = PBXGroup;
			children = (
				7D8496282266166500E5ACBE /* XBLoadingKit.app */,
			);
			name = Products;
			sourceTree = "<group>";
		};
		7D84962A2266166500E5ACBE /* XBLoadingKit */ = {
			isa = PBXGroup;
			children = (
				7D84962B2266166500E5ACBE /* AppDelegate.h */,
				7D84962C2266166500E5ACBE /* AppDelegate.m */,
				7D84962E2266166500E5ACBE /* ViewController.h */,
				7D84962F2266166500E5ACBE /* ViewController.m */,
				7D8496312266166500E5ACBE /* Main.storyboard */,
				7D8496342266166600E5ACBE /* Assets.xcassets */,
				7D8496362266166600E5ACBE /* LaunchScreen.storyboard */,
				7D8496392266166600E5ACBE /* Info.plist */,
				7D84963A2266166600E5ACBE /* main.m */,
			);
			path = XBLoadingKit;
			sourceTree = "<group>";
		};
		7D849648226617B400E5ACBE /* Resource */ = {
			isa = PBXGroup;
			children = (
				7D849649226617B400E5ACBE /* error@2x.png */,
				7D84964A226617B400E5ACBE /* warning@2x.png */,
				7D84964B226617B400E5ACBE /* success@2x.png */,
			);
			path = Resource;
			sourceTree = "<group>";
		};
		7D84964F2266183B00E5ACBE /* CustomLoading */ = {
			isa = PBXGroup;
			children = (
				7D8496502266186800E5ACBE /* MBProgressHUD+XBLoading.h */,
				7D8496512266186800E5ACBE /* MBProgressHUD+XBLoading.m */,
				7D849653226618EB00E5ACBE /* LoadingStyleManager.h */,
				7D849654226618EB00E5ACBE /* LoadingStyleManager.m */,
			);
			path = CustomLoading;
			sourceTree = "<group>";
		};
		B8DF3B142F8A9787432E6F4C /* Frameworks */ = {
			isa = PBXGroup;
			children = (
				15211AA150509769E76823D8 /* libPods-XBLoadingKit.a */,
			);
			name = Frameworks;
			sourceTree = "<group>";
		};
		F1C605222B7EE7F610B418A0 /* Pods */ = {
			isa = PBXGroup;
			children = (
				3C11FDF46B6904E062423155 /* Pods-XBLoadingKit.debug.xcconfig */,
				83E12269ADAD34E37D5ED5AB /* Pods-XBLoadingKit.release.xcconfig */,
			);
			name = Pods;
			sourceTree = "<group>";
		};
/* End PBXGroup section */

/* Begin PBXNativeTarget section */
		7D8496272266166500E5ACBE /* XBLoadingKit */ = {
			isa = PBXNativeTarget;
			buildConfigurationList = 7D84963E2266166600E5ACBE /* Build configuration list for PBXNativeTarget "XBLoadingKit" */;
			buildPhases = (
				5F1B90596B202A5BB8449A24 /* [CP] Check Pods Manifest.lock */,
				7D8496242266166500E5ACBE /* Sources */,
				7D8496252266166500E5ACBE /* Frameworks */,
				7D8496262266166500E5ACBE /* Resources */,
			);
			buildRules = (
			);
			dependencies = (
			);
			name = XBLoadingKit;
			productName = XBLoadingKit;
			productReference = 7D8496282266166500E5ACBE /* XBLoadingKit.app */;
			productType = "com.apple.product-type.application";
		};
/* End PBXNativeTarget section */

/* Begin PBXProject section */
		7D8496202266166500E5ACBE /* Project object */ = {
			isa = PBXProject;
			attributes = {
				LastUpgradeCheck = 1020;
				ORGANIZATIONNAME = "jianwen ning";
				TargetAttributes = {
					7D8496272266166500E5ACBE = {
						CreatedOnToolsVersion = 10.2;
					};
				};
			};
			buildConfigurationList = 7D8496232266166500E5ACBE /* Build configuration list for PBXProject "XBLoadingKit" */;
			compatibilityVersion = "Xcode 9.3";
			developmentRegion = en;
			hasScannedForEncodings = 0;
			knownRegions = (
				en,
				Base,
			);
			mainGroup = 7D84961F2266166500E5ACBE;
			productRefGroup = 7D8496292266166500E5ACBE /* Products */;
			projectDirPath = "";
			projectRoot = "";
			targets = (
				7D8496272266166500E5ACBE /* XBLoadingKit */,
			);
		};
/* End PBXProject section */

/* Begin PBXResourcesBuildPhase section */
		7D8496262266166500E5ACBE /* Resources */ = {
			isa = PBXResourcesBuildPhase;
			buildActionMask = 2147483647;
			files = (
				7D8496382266166600E5ACBE /* LaunchScreen.storyboard in Resources */,
				7D84964D226617B400E5ACBE /* warning@2x.png in Resources */,
				7D84964E226617B400E5ACBE /* success@2x.png in Resources */,
				7D8496352266166600E5ACBE /* Assets.xcassets in Resources */,
				7D8496332266166500E5ACBE /* Main.storyboard in Resources */,
				7D84964C226617B400E5ACBE /* error@2x.png in Resources */,
			);
			runOnlyForDeploymentPostprocessing = 0;
		};
/* End PBXResourcesBuildPhase section */

/* Begin PBXShellScriptBuildPhase section */
		5F1B90596B202A5BB8449A24 /* [CP] Check Pods Manifest.lock */ = {
			isa = PBXShellScriptBuildPhase;
			buildActionMask = 2147483647;
			files = (
			);
			inputPaths = (
				"${PODS_PODFILE_DIR_PATH}/Podfile.lock",
				"${PODS_ROOT}/Manifest.lock",
			);
			name = "[CP] Check Pods Manifest.lock";
			outputPaths = (
				"$(DERIVED_FILE_DIR)/Pods-XBLoadingKit-checkManifestLockResult.txt",
			);
			runOnlyForDeploymentPostprocessing = 0;
			shellPath = /bin/sh;
			shellScript = "diff \"${PODS_PODFILE_DIR_PATH}/Podfile.lock\" \"${PODS_ROOT}/Manifest.lock\" > /dev/null\nif [ $? != 0 ] ; then\n    # print error to STDERR\n    echo \"error: The sandbox is not in sync with the Podfile.lock. Run 'pod install' or update your CocoaPods installation.\" >&2\n    exit 1\nfi\n# This output is used by Xcode 'outputs' to avoid re-running this script phase.\necho \"SUCCESS\" > \"${SCRIPT_OUTPUT_FILE_0}\"\n";
			showEnvVarsInLog = 0;
		};
/* End PBXShellScriptBuildPhase section */

/* Begin PBXSourcesBuildPhase section */
		7D8496242266166500E5ACBE /* Sources */ = {
			isa = PBXSourcesBuildPhase;
			buildActionMask = 2147483647;
			files = (
				7D8496522266186800E5ACBE /* MBProgressHUD+XBLoading.m in Sources */,
				7D8496302266166500E5ACBE /* ViewController.m in Sources */,
				7D849655226618EB00E5ACBE /* LoadingStyleManager.m in Sources */,
				7D84963B2266166600E5ACBE /* main.m in Sources */,
				7D84962D2266166500E5ACBE /* AppDelegate.m in Sources */,
			);
			runOnlyForDeploymentPostprocessing = 0;
		};
/* End PBXSourcesBuildPhase section */

/* Begin PBXVariantGroup section */
		7D8496312266166500E5ACBE /* Main.storyboard */ = {
			isa = PBXVariantGroup;
			children = (
				7D8496322266166500E5ACBE /* Base */,
			);
			name = Main.storyboard;
			sourceTree = "<group>";
		};
		7D8496362266166600E5ACBE /* LaunchScreen.storyboard */ = {
			isa = PBXVariantGroup;
			children = (
				7D8496372266166600E5ACBE /* Base */,
			);
			name = LaunchScreen.storyboard;
			sourceTree = "<group>";
		};
/* End PBXVariantGroup section */

/* Begin XCBuildConfiguration section */
		7D84963C2266166600E5ACBE /* Debug */ = {
			isa = XCBuildConfiguration;
			buildSettings = {
				ALWAYS_SEARCH_USER_PATHS = NO;
				CLANG_ANALYZER_NONNULL = YES;
				CLANG_ANALYZER_NUMBER_OBJECT_CONVERSION = YES_AGGRESSIVE;
				CLANG_CXX_LANGUAGE_STANDARD = "gnu++14";
				CLANG_CXX_LIBRARY = "libc++";
				CLANG_ENABLE_MODULES = YES;
				CLANG_ENABLE_OBJC_ARC = YES;
				CLANG_ENABLE_OBJC_WEAK = YES;
				CLANG_WARN_BLOCK_CAPTURE_AUTORELEASING = YES;
				CLANG_WARN_BOOL_CONVERSION = YES;
				CLANG_WARN_COMMA = YES;
				CLANG_WARN_CONSTANT_CONVERSION = YES;
				CLANG_WARN_DEPRECATED_OBJC_IMPLEMENTATIONS = YES;
				CLANG_WARN_DIRECT_OBJC_ISA_USAGE = YES_ERROR;
				CLANG_WARN_DOCUMENTATION_COMMENTS = YES;
				CLANG_WARN_EMPTY_BODY = YES;
				CLANG_WARN_ENUM_CONVERSION = YES;
				CLANG_WARN_INFINITE_RECURSION = YES;
				CLANG_WARN_INT_CONVERSION = YES;
				CLANG_WARN_NON_LITERAL_NULL_CONVERSION = YES;
				CLANG_WARN_OBJC_IMPLICIT_RETAIN_SELF = YES;
				CLANG_WARN_OBJC_LITERAL_CONVERSION = YES;
				CLANG_WARN_OBJC_ROOT_CLASS = YES_ERROR;
				CLANG_WARN_RANGE_LOOP_ANALYSIS = YES;
				CLANG_WARN_STRICT_PROTOTYPES = YES;
				CLANG_WARN_SUSPICIOUS_MOVE = YES;
				CLANG_WARN_UNGUARDED_AVAILABILITY = YES_AGGRESSIVE;
				CLANG_WARN_UNREACHABLE_CODE = YES;
				CLANG_WARN__DUPLICATE_METHOD_MATCH = YES;
				CODE_SIGN_IDENTITY = "iPhone Developer";
				COPY_PHASE_STRIP = NO;
				DEBUG_INFORMATION_FORMAT = dwarf;
				ENABLE_STRICT_OBJC_MSGSEND = YES;
				ENABLE_TESTABILITY = YES;
				GCC_C_LANGUAGE_STANDARD = gnu11;
				GCC_DYNAMIC_NO_PIC = NO;
				GCC_NO_COMMON_BLOCKS = YES;
				GCC_OPTIMIZATION_LEVEL = 0;
				GCC_PREPROCESSOR_DEFINITIONS = (
					"DEBUG=1",
					"$(inherited)",
				);
				GCC_WARN_64_TO_32_BIT_CONVERSION = YES;
				GCC_WARN_ABOUT_RETURN_TYPE = YES_ERROR;
				GCC_WARN_UNDECLARED_SELECTOR = YES;
				GCC_WARN_UNINITIALIZED_AUTOS = YES_AGGRESSIVE;
				GCC_WARN_UNUSED_FUNCTION = YES;
				GCC_WARN_UNUSED_VARIABLE = YES;
				IPHONEOS_DEPLOYMENT_TARGET = 12.2;
				MTL_ENABLE_DEBUG_INFO = INCLUDE_SOURCE;
				MTL_FAST_MATH = YES;
				ONLY_ACTIVE_ARCH = YES;
				SDKROOT = iphoneos;
			};
			name = Debug;
		};
		7D84963D2266166600E5ACBE /* Release */ = {
			isa = XCBuildConfiguration;
			buildSettings = {
				ALWAYS_SEARCH_USER_PATHS = NO;
				CLANG_ANALYZER_NONNULL = YES;
				CLANG_ANALYZER_NUMBER_OBJECT_CONVERSION = YES_AGGRESSIVE;
				CLANG_CXX_LANGUAGE_STANDARD = "gnu++14";
				CLANG_CXX_LIBRARY = "libc++";
				CLANG_ENABLE_MODULES = YES;
				CLANG_ENABLE_OBJC_ARC = YES;
				CLANG_ENABLE_OBJC_WEAK = YES;
				CLANG_WARN_BLOCK_CAPTURE_AUTORELEASING = YES;
				CLANG_WARN_BOOL_CONVERSION = YES;
				CLANG_WARN_COMMA = YES;
				CLANG_WARN_CONSTANT_CONVERSION = YES;
				CLANG_WARN_DEPRECATED_OBJC_IMPLEMENTATIONS = YES;
				CLANG_WARN_DIRECT_OBJC_ISA_USAGE = YES_ERROR;
				CLANG_WARN_DOCUMENTATION_COMMENTS = YES;
				CLANG_WARN_EMPTY_BODY = YES;
				CLANG_WARN_ENUM_CONVERSION = YES;
				CLANG_WARN_INFINITE_RECURSION = YES;
				CLANG_WARN_INT_CONVERSION = YES;
				CLANG_WARN_NON_LITERAL_NULL_CONVERSION = YES;
				CLANG_WARN_OBJC_IMPLICIT_RETAIN_SELF = YES;
				CLANG_WARN_OBJC_LITERAL_CONVERSION = YES;
				CLANG_WARN_OBJC_ROOT_CLASS = YES_ERROR;
				CLANG_WARN_RANGE_LOOP_ANALYSIS = YES;
				CLANG_WARN_STRICT_PROTOTYPES = YES;
				CLANG_WARN_SUSPICIOUS_MOVE = YES;
				CLANG_WARN_UNGUARDED_AVAILABILITY = YES_AGGRESSIVE;
				CLANG_WARN_UNREACHABLE_CODE = YES;
				CLANG_WARN__DUPLICATE_METHOD_MATCH = YES;
				CODE_SIGN_IDENTITY = "iPhone Developer";
				COPY_PHASE_STRIP = NO;
				DEBUG_INFORMATION_FORMAT = "dwarf-with-dsym";
				ENABLE_NS_ASSERTIONS = NO;
				ENABLE_STRICT_OBJC_MSGSEND = YES;
				GCC_C_LANGUAGE_STANDARD = gnu11;
				GCC_NO_COMMON_BLOCKS = YES;
				GCC_WARN_64_TO_32_BIT_CONVERSION = YES;
				GCC_WARN_ABOUT_RETURN_TYPE = YES_ERROR;
				GCC_WARN_UNDECLARED_SELECTOR = YES;
				GCC_WARN_UNINITIALIZED_AUTOS = YES_AGGRESSIVE;
				GCC_WARN_UNUSED_FUNCTION = YES;
				GCC_WARN_UNUSED_VARIABLE = YES;
				IPHONEOS_DEPLOYMENT_TARGET = 12.2;
				MTL_ENABLE_DEBUG_INFO = NO;
				MTL_FAST_MATH = YES;
				SDKROOT = iphoneos;
				VALIDATE_PRODUCT = YES;
			};
			name = Release;
		};
		7D84963F2266166600E5ACBE /* Debug */ = {
			isa = XCBuildConfiguration;
			baseConfigurationReference = 3C11FDF46B6904E062423155 /* Pods-XBLoadingKit.debug.xcconfig */;
			buildSettings = {
				ASSETCATALOG_COMPILER_APPICON_NAME = AppIcon;
				CODE_SIGN_STYLE = Automatic;
				DEVELOPMENT_TEAM = 2Q2FYSJY22;
				INFOPLIST_FILE = XBLoadingKit/Info.plist;
				LD_RUNPATH_SEARCH_PATHS = (
					"$(inherited)",
					"@executable_path/Frameworks",
				);
				PRODUCT_BUNDLE_IDENTIFIER = com.chain.njw.XBLoadingKit;
				PRODUCT_NAME = "$(TARGET_NAME)";
				TARGETED_DEVICE_FAMILY = "1,2";
			};
			name = Debug;
		};
		7D8496402266166600E5ACBE /* Release */ = {
			isa = XCBuildConfiguration;
			baseConfigurationReference = 83E12269ADAD34E37D5ED5AB /* Pods-XBLoadingKit.release.xcconfig */;
			buildSettings = {
				ASSETCATALOG_COMPILER_APPICON_NAME = AppIcon;
				CODE_SIGN_STYLE = Automatic;
				DEVELOPMENT_TEAM = 2Q2FYSJY22;
				INFOPLIST_FILE = XBLoadingKit/Info.plist;
				LD_RUNPATH_SEARCH_PATHS = (
					"$(inherited)",
					"@executable_path/Frameworks",
				);
				PRODUCT_BUNDLE_IDENTIFIER = com.chain.njw.XBLoadingKit;
				PRODUCT_NAME = "$(TARGET_NAME)";
				TARGETED_DEVICE_FAMILY = "1,2";
			};
			name = Release;
		};
/* End XCBuildConfiguration section */

/* Begin XCConfigurationList section */
		7D8496232266166500E5ACBE /* Build configuration list for PBXProject "XBLoadingKit" */ = {
			isa = XCConfigurationList;
			buildConfigurations = (
				7D84963C2266166600E5ACBE /* Debug */,
				7D84963D2266166600E5ACBE /* Release */,
			);
			defaultConfigurationIsVisible = 0;
			defaultConfigurationName = Release;
		};
		7D84963E2266166600E5ACBE /* Build configuration list for PBXNativeTarget "XBLoadingKit" */ = {
			isa = XCConfigurationList;
			buildConfigurations = (
				7D84963F2266166600E5ACBE /* Debug */,
				7D8496402266166600E5ACBE /* Release */,
			);
			defaultConfigurationIsVisible = 0;
			defaultConfigurationName = Release;
		};
/* End XCConfigurationList section */
	};
	rootObject = 7D8496202266166500E5ACBE /* Project object */;
}
